
Microsoft Visual Studio Solution File, Format Version 12.00
# Visual Studio 15
VisualStudioVersion = 15.0.28010.2026
MinimumVisualStudioVersion = 10.0.40219.1
Project("{FAE04EC0-301F-11D3-BF4B-00C04F79EFBC}") = "Computer_Component_Store", "Computer_Component_Store\Computer_Component_Store.csproj", "{F4B4B978-3D27-45A8-8336-812D0711C3D9}"
EndProject
Global
	GlobalSection(SolutionConfigurationPlatforms) = preSolution
		Debug|Any CPU = Debug|Any CPU
		Release|Any CPU = Release|Any CPU
	EndGlobalSection
	GlobalSection(ProjectConfigurationPlatforms) = postSolution
		{F4B4B978-3D27-45A8-8336-812D0711C3D9}.Debug|Any CPU.ActiveCfg = Debug|Any CPU
		{F4B4B978-3D27-45A8-8336-812D0711C3D9}.Debug|Any CPU.Build.0 = Debug|Any CPU
		{F4B4B978-3D27-45A8-8336-812D0711C3D9}.Release|Any CPU.ActiveCfg = Release|Any CPU
		{F4B4B978-3D27-45A8-8336-812D0711C3D9}.Release|Any CPU.Build.0 = Release|Any CPU
	EndGlobalSection
	GlobalSection(SolutionProperties) = preSolution
		HideSolutionNode = FALSE
	EndGlobalSection
	GlobalSection(ExtensibilityGlobals) = postSolution
		SolutionGuid = {A7AB5459-D1E7-4C3E-9813-973C1C22F897}
	EndGlobalSection
EndGlobal
